
Microsoft Visual Studio Solution File, Format Version 12.00
# Visual Studio 15
VisualStudioVersion = 15.0.28010.2019
MinimumVisualStudioVersion = 10.0.40219.1
Project("{8BC9CEB8-8B4A-11D0-8D11-00A0C91BC942}") = "rcp", "rcp\rcp.vcxproj", "{998787D4-336C-46C3-B378-953F66E355B0}"
EndProject
Project("{8BC9CEB8-8B4A-11D0-8D11-00A0C91BC942}") = "StrategyServer", "StrategyServer\StrategyServer.vcxproj", "{3805639D-BEF5-4D1A-98A5-49634B2F073C}"
	ProjectSection(ProjectDependencies) = postProject
		{998787D4-336C-46C3-B378-953F66E355B0} = {998787D4-336C-46C3-B378-953F66E355B0}
	EndProjectSection
EndProject
Project("{8BC9CEB8-8B4A-11D0-8D11-00A0C91BC942}") = "rcpApi", "rcpApi\rcpApi.vcxproj", "{BBED31B1-D971-4BE5-831C-C415DAA7B4F9}"
EndProject
Project("{8BC9CEB8-8B4A-11D0-8D11-00A0C91BC942}") = "StrategyRunner", "StrategyRunner\StrategyRunner.vcxproj", "{62F00498-FB92-4599-80D2-EF3CE37E4C2C}"
	ProjectSection(ProjectDependencies) = postProject
		{998787D4-336C-46C3-B378-953F66E355B0} = {998787D4-336C-46C3-B378-953F66E355B0}
	EndProjectSection
EndProject
Project("{8BC9CEB8-8B4A-11D0-8D11-00A0C91BC942}") = "MarketProxy", "MarketProxy\MarketProxy.vcxproj", "{10331E08-68B4-4D4D-8D41-CA940413643E}"
	ProjectSection(ProjectDependencies) = postProject
		{998787D4-336C-46C3-B378-953F66E355B0} = {998787D4-336C-46C3-B378-953F66E355B0}
	EndProjectSection
EndProject
Project("{8BC9CEB8-8B4A-11D0-8D11-00A0C91BC942}") = "testMdUserApi", "testMdApi\testMdUserApi.vcxproj", "{1AE80AA5-5393-41D4-99BF-E3523F64B926}"
EndProject
Project("{8BC9CEB8-8B4A-11D0-8D11-00A0C91BC942}") = "units", "units\units.vcxproj", "{2A357D7E-E0A2-4792-9E6A-D2AFD6276216}"
	ProjectSection(ProjectDependencies) = postProject
		{57EEB791-9438-4300-95FE-FF7EC698FA22} = {57EEB791-9438-4300-95FE-FF7EC698FA22}
		{F54CB7BF-2901-42A5-8521-98CAC15C20CC} = {F54CB7BF-2901-42A5-8521-98CAC15C20CC}
		{998787D4-336C-46C3-B378-953F66E355B0} = {998787D4-336C-46C3-B378-953F66E355B0}
		{9AA44AEA-D35B-45FA-94D6-258907E62FEE} = {9AA44AEA-D35B-45FA-94D6-258907E62FEE}
	EndProjectSection
EndProject
Project("{8BC9CEB8-8B4A-11D0-8D11-00A0C91BC942}") = "ctp", "ctp\ctp.vcxproj", "{9FF3FD38-9E27-4F5F-BD20-9E11C22D184F}"
EndProject
Project("{8BC9CEB8-8B4A-11D0-8D11-00A0C91BC942}") = "strategy1", "strategy1\strategy1.vcxproj", "{57EEB791-9438-4300-95FE-FF7EC698FA22}"
EndProject
Project("{8BC9CEB8-8B4A-11D0-8D11-00A0C91BC942}") = "dlltest", "dlltest\dlltest.vcxproj", "{F323D63C-2669-45C2-B9F9-138C86688D1E}"
EndProject
Project("{8BC9CEB8-8B4A-11D0-8D11-00A0C91BC942}") = "liball", "liball\liball.vcxproj", "{8F2961C8-DE12-4775-8ADB-785A730B3881}"
EndProject
Project("{8BC9CEB8-8B4A-11D0-8D11-00A0C91BC942}") = "EchoRunner", "echoRunner\echoRunner.vcxproj", "{F54CB7BF-2901-42A5-8521-98CAC15C20CC}"
EndProject
Project("{8BC9CEB8-8B4A-11D0-8D11-00A0C91BC942}") = "EchoStrategy", "EchoStrategy\EchoStrategy.vcxproj", "{9AA44AEA-D35B-45FA-94D6-258907E62FEE}"
EndProject
Global
	GlobalSection(SolutionConfigurationPlatforms) = preSolution
		Debug|x64 = Debug|x64
		Debug|x86 = Debug|x86
		Release|x64 = Release|x64
		Release|x86 = Release|x86
	EndGlobalSection
	GlobalSection(ProjectConfigurationPlatforms) = postSolution
		{998787D4-336C-46C3-B378-953F66E355B0}.Debug|x64.ActiveCfg = Debug|x64
		{998787D4-336C-46C3-B378-953F66E355B0}.Debug|x64.Build.0 = Debug|x64
		{998787D4-336C-46C3-B378-953F66E355B0}.Debug|x86.ActiveCfg = Debug|Win32
		{998787D4-336C-46C3-B378-953F66E355B0}.Debug|x86.Build.0 = Debug|Win32
		{998787D4-336C-46C3-B378-953F66E355B0}.Release|x64.ActiveCfg = Release|x64
		{998787D4-336C-46C3-B378-953F66E355B0}.Release|x64.Build.0 = Release|x64
		{998787D4-336C-46C3-B378-953F66E355B0}.Release|x86.ActiveCfg = Release|Win32
		{998787D4-336C-46C3-B378-953F66E355B0}.Release|x86.Build.0 = Release|Win32
		{3805639D-BEF5-4D1A-98A5-49634B2F073C}.Debug|x64.ActiveCfg = Debug|x64
		{3805639D-BEF5-4D1A-98A5-49634B2F073C}.Debug|x64.Build.0 = Debug|x64
		{3805639D-BEF5-4D1A-98A5-49634B2F073C}.Debug|x86.ActiveCfg = Debug|Win32
		{3805639D-BEF5-4D1A-98A5-49634B2F073C}.Debug|x86.Build.0 = Debug|Win32
		{3805639D-BEF5-4D1A-98A5-49634B2F073C}.Release|x64.ActiveCfg = Release|x64
		{3805639D-BEF5-4D1A-98A5-49634B2F073C}.Release|x64.Build.0 = Release|x64
		{3805639D-BEF5-4D1A-98A5-49634B2F073C}.Release|x86.ActiveCfg = Release|Win32
		{3805639D-BEF5-4D1A-98A5-49634B2F073C}.Release|x86.Build.0 = Release|Win32
		{BBED31B1-D971-4BE5-831C-C415DAA7B4F9}.Debug|x64.ActiveCfg = Debug|x64
		{BBED31B1-D971-4BE5-831C-C415DAA7B4F9}.Debug|x64.Build.0 = Debug|x64
		{BBED31B1-D971-4BE5-831C-C415DAA7B4F9}.Debug|x86.ActiveCfg = Debug|Win32
		{BBED31B1-D971-4BE5-831C-C415DAA7B4F9}.Debug|x86.Build.0 = Debug|Win32
		{BBED31B1-D971-4BE5-831C-C415DAA7B4F9}.Release|x64.ActiveCfg = Release|x64
		{BBED31B1-D971-4BE5-831C-C415DAA7B4F9}.Release|x64.Build.0 = Release|x64
		{BBED31B1-D971-4BE5-831C-C415DAA7B4F9}.Release|x86.ActiveCfg = Release|Win32
		{BBED31B1-D971-4BE5-831C-C415DAA7B4F9}.Release|x86.Build.0 = Release|Win32
		{62F00498-FB92-4599-80D2-EF3CE37E4C2C}.Debug|x64.ActiveCfg = Debug|x64
		{62F00498-FB92-4599-80D2-EF3CE37E4C2C}.Debug|x64.Build.0 = Debug|x64
		{62F00498-FB92-4599-80D2-EF3CE37E4C2C}.Debug|x86.ActiveCfg = Debug|Win32
		{62F00498-FB92-4599-80D2-EF3CE37E4C2C}.Debug|x86.Build.0 = Debug|Win32
		{62F00498-FB92-4599-80D2-EF3CE37E4C2C}.Release|x64.ActiveCfg = Release|x64
		{62F00498-FB92-4599-80D2-EF3CE37E4C2C}.Release|x64.Build.0 = Release|x64
		{62F00498-FB92-4599-80D2-EF3CE37E4C2C}.Release|x86.ActiveCfg = Release|Win32
		{62F00498-FB92-4599-80D2-EF3CE37E4C2C}.Release|x86.Build.0 = Release|Win32
		{10331E08-68B4-4D4D-8D41-CA940413643E}.Debug|x64.ActiveCfg = Debug|x64
		{10331E08-68B4-4D4D-8D41-CA940413643E}.Debug|x64.Build.0 = Debug|x64
		{10331E08-68B4-4D4D-8D41-CA940413643E}.Debug|x86.ActiveCfg = Debug|Win32
		{10331E08-68B4-4D4D-8D41-CA940413643E}.Debug|x86.Build.0 = Debug|Win32
		{10331E08-68B4-4D4D-8D41-CA940413643E}.Release|x64.ActiveCfg = Release|x64
		{10331E08-68B4-4D4D-8D41-CA940413643E}.Release|x64.Build.0 = Release|x64
		{10331E08-68B4-4D4D-8D41-CA940413643E}.Release|x86.ActiveCfg = Release|Win32
		{10331E08-68B4-4D4D-8D41-CA940413643E}.Release|x86.Build.0 = Release|Win32
		{1AE80AA5-5393-41D4-99BF-E3523F64B926}.Debug|x64.ActiveCfg = Debug|Win32
		{1AE80AA5-5393-41D4-99BF-E3523F64B926}.Debug|x86.ActiveCfg = Debug|Win32
		{1AE80AA5-5393-41D4-99BF-E3523F64B926}.Debug|x86.Build.0 = Debug|Win32
		{1AE80AA5-5393-41D4-99BF-E3523F64B926}.Release|x64.ActiveCfg = Release|Win32
		{1AE80AA5-5393-41D4-99BF-E3523F64B926}.Release|x86.ActiveCfg = Release|Win32
		{1AE80AA5-5393-41D4-99BF-E3523F64B926}.Release|x86.Build.0 = Release|Win32
		{2A357D7E-E0A2-4792-9E6A-D2AFD6276216}.Debug|x64.ActiveCfg = Debug|x64
		{2A357D7E-E0A2-4792-9E6A-D2AFD6276216}.Debug|x64.Build.0 = Debug|x64
		{2A357D7E-E0A2-4792-9E6A-D2AFD6276216}.Debug|x86.ActiveCfg = Debug|Win32
		{2A357D7E-E0A2-4792-9E6A-D2AFD6276216}.Debug|x86.Build.0 = Debug|Win32
		{2A357D7E-E0A2-4792-9E6A-D2AFD6276216}.Release|x64.ActiveCfg = Release|x64
		{2A357D7E-E0A2-4792-9E6A-D2AFD6276216}.Release|x64.Build.0 = Release|x64
		{2A357D7E-E0A2-4792-9E6A-D2AFD6276216}.Release|x86.ActiveCfg = Release|Win32
		{2A357D7E-E0A2-4792-9E6A-D2AFD6276216}.Release|x86.Build.0 = Release|Win32
		{9FF3FD38-9E27-4F5F-BD20-9E11C22D184F}.Debug|x64.ActiveCfg = Debug|x64
		{9FF3FD38-9E27-4F5F-BD20-9E11C22D184F}.Debug|x64.Build.0 = Debug|x64
		{9FF3FD38-9E27-4F5F-BD20-9E11C22D184F}.Debug|x86.ActiveCfg = Debug|Win32
		{9FF3FD38-9E27-4F5F-BD20-9E11C22D184F}.Debug|x86.Build.0 = Debug|Win32
		{9FF3FD38-9E27-4F5F-BD20-9E11C22D184F}.Release|x64.ActiveCfg = Release|x64
		{9FF3FD38-9E27-4F5F-BD20-9E11C22D184F}.Release|x64.Build.0 = Release|x64
		{9FF3FD38-9E27-4F5F-BD20-9E11C22D184F}.Release|x86.ActiveCfg = Release|Win32
		{9FF3FD38-9E27-4F5F-BD20-9E11C22D184F}.Release|x86.Build.0 = Release|Win32
		{57EEB791-9438-4300-95FE-FF7EC698FA22}.Debug|x64.ActiveCfg = Debug|x64
		{57EEB791-9438-4300-95FE-FF7EC698FA22}.Debug|x64.Build.0 = Debug|x64
		{57EEB791-9438-4300-95FE-FF7EC698FA22}.Debug|x86.ActiveCfg = Debug|Win32
		{57EEB791-9438-4300-95FE-FF7EC698FA22}.Debug|x86.Build.0 = Debug|Win32
		{57EEB791-9438-4300-95FE-FF7EC698FA22}.Release|x64.ActiveCfg = Release|x64
		{57EEB791-9438-4300-95FE-FF7EC698FA22}.Release|x64.Build.0 = Release|x64
		{57EEB791-9438-4300-95FE-FF7EC698FA22}.Release|x86.ActiveCfg = Release|Win32
		{57EEB791-9438-4300-95FE-FF7EC698FA22}.Release|x86.Build.0 = Release|Win32
		{F323D63C-2669-45C2-B9F9-138C86688D1E}.Debug|x64.ActiveCfg = Debug|x64
		{F323D63C-2669-45C2-B9F9-138C86688D1E}.Debug|x64.Build.0 = Debug|x64
		{F323D63C-2669-45C2-B9F9-138C86688D1E}.Debug|x86.ActiveCfg = Debug|Win32
		{F323D63C-2669-45C2-B9F9-138C86688D1E}.Debug|x86.Build.0 = Debug|Win32
		{F323D63C-2669-45C2-B9F9-138C86688D1E}.Release|x64.ActiveCfg = Release|x64
		{F323D63C-2669-45C2-B9F9-138C86688D1E}.Release|x64.Build.0 = Release|x64
		{F323D63C-2669-45C2-B9F9-138C86688D1E}.Release|x86.ActiveCfg = Release|Win32
		{F323D63C-2669-45C2-B9F9-138C86688D1E}.Release|x86.Build.0 = Release|Win32
		{8F2961C8-DE12-4775-8ADB-785A730B3881}.Debug|x64.ActiveCfg = Debug|x64
		{8F2961C8-DE12-4775-8ADB-785A730B3881}.Debug|x64.Build.0 = Debug|x64
		{8F2961C8-DE12-4775-8ADB-785A730B3881}.Debug|x86.ActiveCfg = Debug|Win32
		{8F2961C8-DE12-4775-8ADB-785A730B3881}.Debug|x86.Build.0 = Debug|Win32
		{8F2961C8-DE12-4775-8ADB-785A730B3881}.Release|x64.ActiveCfg = Release|x64
		{8F2961C8-DE12-4775-8ADB-785A730B3881}.Release|x64.Build.0 = Release|x64
		{8F2961C8-DE12-4775-8ADB-785A730B3881}.Release|x86.ActiveCfg = Release|Win32
		{8F2961C8-DE12-4775-8ADB-785A730B3881}.Release|x86.Build.0 = Release|Win32
		{F54CB7BF-2901-42A5-8521-98CAC15C20CC}.Debug|x64.ActiveCfg = Debug|x64
		{F54CB7BF-2901-42A5-8521-98CAC15C20CC}.Debug|x64.Build.0 = Debug|x64
		{F54CB7BF-2901-42A5-8521-98CAC15C20CC}.Debug|x86.ActiveCfg = Debug|Win32
		{F54CB7BF-2901-42A5-8521-98CAC15C20CC}.Debug|x86.Build.0 = Debug|Win32
		{F54CB7BF-2901-42A5-8521-98CAC15C20CC}.Release|x64.ActiveCfg = Release|x64
		{F54CB7BF-2901-42A5-8521-98CAC15C20CC}.Release|x64.Build.0 = Release|x64
		{F54CB7BF-2901-42A5-8521-98CAC15C20CC}.Release|x86.ActiveCfg = Release|Win32
		{F54CB7BF-2901-42A5-8521-98CAC15C20CC}.Release|x86.Build.0 = Release|Win32
		{9AA44AEA-D35B-45FA-94D6-258907E62FEE}.Debug|x64.ActiveCfg = Debug|x64
		{9AA44AEA-D35B-45FA-94D6-258907E62FEE}.Debug|x64.Build.0 = Debug|x64
		{9AA44AEA-D35B-45FA-94D6-258907E62FEE}.Debug|x86.ActiveCfg = Debug|Win32
		{9AA44AEA-D35B-45FA-94D6-258907E62FEE}.Debug|x86.Build.0 = Debug|Win32
		{9AA44AEA-D35B-45FA-94D6-258907E62FEE}.Release|x64.ActiveCfg = Release|x64
		{9AA44AEA-D35B-45FA-94D6-258907E62FEE}.Release|x64.Build.0 = Release|x64
		{9AA44AEA-D35B-45FA-94D6-258907E62FEE}.Release|x86.ActiveCfg = Release|Win32
		{9AA44AEA-D35B-45FA-94D6-258907E62FEE}.Release|x86.Build.0 = Release|Win32
	EndGlobalSection
	GlobalSection(SolutionProperties) = preSolution
		HideSolutionNode = FALSE
	EndGlobalSection
	GlobalSection(ExtensibilityGlobals) = postSolution
		SolutionGuid = {73AD697F-DC59-4287-81EB-29FBED3F6076}
	EndGlobalSection
EndGlobal
